
Microsoft Visual Studio Solution File, Format Version 12.00
# Visual Studio Version 17
VisualStudioVersion = 17.4.33205.214
MinimumVisualStudioVersion = 10.0.40219.1
Project("{9A19103F-16F7-4668-BE54-9A1E7A4F7556}") = "PCPE", "PCPE\PCPE.csproj", "{6CD6A54F-DEE5-4188-A25F-17EAE6FAB5AA}"
EndProject
Global
	GlobalSection(SolutionConfigurationPlatforms) = preSolution
		Debug|Any CPU = Debug|Any CPU
		Release|Any CPU = Release|Any CPU
	EndGlobalSection
	GlobalSection(ProjectConfigurationPlatforms) = postSolution
		{6CD6A54F-DEE5-4188-A25F-17EAE6FAB5AA}.Debug|Any CPU.ActiveCfg = Debug|Any CPU
		{6CD6A54F-DEE5-4188-A25F-17EAE6FAB5AA}.Debug|Any CPU.Build.0 = Debug|Any CPU
		{6CD6A54F-DEE5-4188-A25F-17EAE6FAB5AA}.Release|Any CPU.ActiveCfg = Release|Any CPU
		{6CD6A54F-DEE5-4188-A25F-17EAE6FAB5AA}.Release|Any CPU.Build.0 = Release|Any CPU
	EndGlobalSection
	GlobalSection(SolutionProperties) = preSolution
		HideSolutionNode = FALSE
	EndGlobalSection
	GlobalSection(ExtensibilityGlobals) = postSolution
		SolutionGuid = {D940FCEC-D6A1-48FC-B333-CEB66D925300}
	EndGlobalSection
EndGlobal
